
Microsoft Visual Studio Solution File, Format Version 12.00
# Visual Studio Version 17
VisualStudioVersion = 17.1.32210.238
MinimumVisualStudioVersion = 10.0.40219.1
Project("{8BC9CEB8-8B4A-11D0-8D11-00A0C91BC942}") = "OOP1", "OOP\OOP.vcxproj", "{3DAEF3A7-37AB-4AB9-AD2F-C28331417B3A}"
EndProject
Project("{8BC9CEB8-8B4A-11D0-8D11-00A0C91BC942}") = "OOP2", "OOP2\OOP2.vcxproj", "{5B90D7BE-EE24-4A46-BD69-6D7746597ABE}"
EndProject
Project("{8BC9CEB8-8B4A-11D0-8D11-00A0C91BC942}") = "Kurs2Laba1", "Kurs2Laba1\Kurs2Laba1.vcxproj", "{AD192040-C2DE-427F-A9F7-DB0D1A4EA3AB}"
EndProject
Project("{8BC9CEB8-8B4A-11D0-8D11-00A0C91BC942}") = "Kurs2Laba2", "Kurs2Laba2\Kurs2Laba2.vcxproj", "{21B69EDA-DEF2-4BCD-8B22-AA045D7840A3}"
EndProject
Project("{8BC9CEB8-8B4A-11D0-8D11-00A0C91BC942}") = "Kurs2Laba3", "Kurs2Laba3\Kurs2Laba3.vcxproj", "{0C22D26E-5B13-4A78-A38D-9F9ECF2FBCCF}"
EndProject
Project("{8BC9CEB8-8B4A-11D0-8D11-00A0C91BC942}") = "Kurs2Laba4", "Kurs2Laba4\Kurs2Laba4.vcxproj", "{251DF1C7-08A7-4DAA-B272-E180A00BA646}"
EndProject
Project("{8BC9CEB8-8B4A-11D0-8D11-00A0C91BC942}") = "Kurs2Laba5", "Kurs2Laba5\Kurs2Laba5.vcxproj", "{0A54DF4A-9ADB-460F-934E-F6CF541EAFF7}"
EndProject
Project("{8BC9CEB8-8B4A-11D0-8D11-00A0C91BC942}") = "Kurs2Laba6", "Kurs2Laba6\Kurs2Laba6.vcxproj", "{E0B5C375-6437-4932-98CB-4318BBB2F5EA}"
EndProject
Project("{8BC9CEB8-8B4A-11D0-8D11-00A0C91BC942}") = "Kurs2Laba7", "Kurs2Laba7\Kurs2Laba7.vcxproj", "{8DDECC7A-7DD6-4830-83B4-26E481438DEC}"
EndProject
Project("{8BC9CEB8-8B4A-11D0-8D11-00A0C91BC942}") = "Kurs2Laba9", "Kurs2Laba9\Kurs2Laba9.vcxproj", "{1049A070-CEBB-4AB7-A0C7-14CFB5892D3B}"
EndProject
Project("{8BC9CEB8-8B4A-11D0-8D11-00A0C91BC942}") = "test", "test\test.vcxproj", "{8665D1D2-BEF1-4F51-987A-9CB6A19246E8}"
EndProject
Global
	GlobalSection(SolutionConfigurationPlatforms) = preSolution
		Debug|x64 = Debug|x64
		Debug|x86 = Debug|x86
		Release|x64 = Release|x64
		Release|x86 = Release|x86
	EndGlobalSection
	GlobalSection(ProjectConfigurationPlatforms) = postSolution
		{3DAEF3A7-37AB-4AB9-AD2F-C28331417B3A}.Debug|x64.ActiveCfg = Debug|x64
		{3DAEF3A7-37AB-4AB9-AD2F-C28331417B3A}.Debug|x64.Build.0 = Debug|x64
		{3DAEF3A7-37AB-4AB9-AD2F-C28331417B3A}.Debug|x86.ActiveCfg = Debug|Win32
		{3DAEF3A7-37AB-4AB9-AD2F-C28331417B3A}.Debug|x86.Build.0 = Debug|Win32
		{3DAEF3A7-37AB-4AB9-AD2F-C28331417B3A}.Release|x64.ActiveCfg = Release|x64
		{3DAEF3A7-37AB-4AB9-AD2F-C28331417B3A}.Release|x64.Build.0 = Release|x64
		{3DAEF3A7-37AB-4AB9-AD2F-C28331417B3A}.Release|x86.ActiveCfg = Release|Win32
		{3DAEF3A7-37AB-4AB9-AD2F-C28331417B3A}.Release|x86.Build.0 = Release|Win32
		{5B90D7BE-EE24-4A46-BD69-6D7746597ABE}.Debug|x64.ActiveCfg = Debug|x64
		{5B90D7BE-EE24-4A46-BD69-6D7746597ABE}.Debug|x64.Build.0 = Debug|x64
		{5B90D7BE-EE24-4A46-BD69-6D7746597ABE}.Debug|x86.ActiveCfg = Debug|Win32
		{5B90D7BE-EE24-4A46-BD69-6D7746597ABE}.Debug|x86.Build.0 = Debug|Win32
		{5B90D7BE-EE24-4A46-BD69-6D7746597ABE}.Release|x64.ActiveCfg = Release|x64
		{5B90D7BE-EE24-4A46-BD69-6D7746597ABE}.Release|x64.Build.0 = Release|x64
		{5B90D7BE-EE24-4A46-BD69-6D7746597ABE}.Release|x86.ActiveCfg = Release|Win32
		{5B90D7BE-EE24-4A46-BD69-6D7746597ABE}.Release|x86.Build.0 = Release|Win32
		{AD192040-C2DE-427F-A9F7-DB0D1A4EA3AB}.Debug|x64.ActiveCfg = Debug|x64
		{AD192040-C2DE-427F-A9F7-DB0D1A4EA3AB}.Debug|x64.Build.0 = Debug|x64
		{AD192040-C2DE-427F-A9F7-DB0D1A4EA3AB}.Debug|x86.ActiveCfg = Debug|Win32
		{AD192040-C2DE-427F-A9F7-DB0D1A4EA3AB}.Debug|x86.Build.0 = Debug|Win32
		{AD192040-C2DE-427F-A9F7-DB0D1A4EA3AB}.Release|x64.ActiveCfg = Release|x64
		{AD192040-C2DE-427F-A9F7-DB0D1A4EA3AB}.Release|x64.Build.0 = Release|x64
		{AD192040-C2DE-427F-A9F7-DB0D1A4EA3AB}.Release|x86.ActiveCfg = Release|Win32
		{AD192040-C2DE-427F-A9F7-DB0D1A4EA3AB}.Release|x86.Build.0 = Release|Win32
		{21B69EDA-DEF2-4BCD-8B22-AA045D7840A3}.Debug|x64.ActiveCfg = Debug|x64
		{21B69EDA-DEF2-4BCD-8B22-AA045D7840A3}.Debug|x64.Build.0 = Debug|x64
		{21B69EDA-DEF2-4BCD-8B22-AA045D7840A3}.Debug|x86.ActiveCfg = Debug|Win32
		{21B69EDA-DEF2-4BCD-8B22-AA045D7840A3}.Debug|x86.Build.0 = Debug|Win32
		{21B69EDA-DEF2-4BCD-8B22-AA045D7840A3}.Release|x64.ActiveCfg = Release|x64
		{21B69EDA-DEF2-4BCD-8B22-AA045D7840A3}.Release|x64.Build.0 = Release|x64
		{21B69EDA-DEF2-4BCD-8B22-AA045D7840A3}.Release|x86.ActiveCfg = Release|Win32
		{21B69EDA-DEF2-4BCD-8B22-AA045D7840A3}.Release|x86.Build.0 = Release|Win32
		{0C22D26E-5B13-4A78-A38D-9F9ECF2FBCCF}.Debug|x64.ActiveCfg = Debug|x64
		{0C22D26E-5B13-4A78-A38D-9F9ECF2FBCCF}.Debug|x64.Build.0 = Debug|x64
		{0C22D26E-5B13-4A78-A38D-9F9ECF2FBCCF}.Debug|x86.ActiveCfg = Debug|Win32
		{0C22D26E-5B13-4A78-A38D-9F9ECF2FBCCF}.Debug|x86.Build.0 = Debug|Win32
		{0C22D26E-5B13-4A78-A38D-9F9ECF2FBCCF}.Release|x64.ActiveCfg = Release|x64
		{0C22D26E-5B13-4A78-A38D-9F9ECF2FBCCF}.Release|x64.Build.0 = Release|x64
		{0C22D26E-5B13-4A78-A38D-9F9ECF2FBCCF}.Release|x86.ActiveCfg = Release|Win32
		{0C22D26E-5B13-4A78-A38D-9F9ECF2FBCCF}.Release|x86.Build.0 = Release|Win32
		{251DF1C7-08A7-4DAA-B272-E180A00BA646}.Debug|x64.ActiveCfg = Debug|x64
		{251DF1C7-08A7-4DAA-B272-E180A00BA646}.Debug|x64.Build.0 = Debug|x64
		{251DF1C7-08A7-4DAA-B272-E180A00BA646}.Debug|x86.ActiveCfg = Debug|Win32
		{251DF1C7-08A7-4DAA-B272-E180A00BA646}.Debug|x86.Build.0 = Debug|Win32
		{251DF1C7-08A7-4DAA-B272-E180A00BA646}.Release|x64.ActiveCfg = Release|x64
		{251DF1C7-08A7-4DAA-B272-E180A00BA646}.Release|x64.Build.0 = Release|x64
		{251DF1C7-08A7-4DAA-B272-E180A00BA646}.Release|x86.ActiveCfg = Release|Win32
		{251DF1C7-08A7-4DAA-B272-E180A00BA646}.Release|x86.Build.0 = Release|Win32
		{0A54DF4A-9ADB-460F-934E-F6CF541EAFF7}.Debug|x64.ActiveCfg = Debug|x64
		{0A54DF4A-9ADB-460F-934E-F6CF541EAFF7}.Debug|x64.Build.0 = Debug|x64
		{0A54DF4A-9ADB-460F-934E-F6CF541EAFF7}.Debug|x86.ActiveCfg = Debug|Win32
		{0A54DF4A-9ADB-460F-934E-F6CF541EAFF7}.Debug|x86.Build.0 = Debug|Win32
		{0A54DF4A-9ADB-460F-934E-F6CF541EAFF7}.Release|x64.ActiveCfg = Release|x64
		{0A54DF4A-9ADB-460F-934E-F6CF541EAFF7}.Release|x64.Build.0 = Release|x64
		{0A54DF4A-9ADB-460F-934E-F6CF541EAFF7}.Release|x86.ActiveCfg = Release|Win32
		{0A54DF4A-9ADB-460F-934E-F6CF541EAFF7}.Release|x86.Build.0 = Release|Win32
		{E0B5C375-6437-4932-98CB-4318BBB2F5EA}.Debug|x64.ActiveCfg = Debug|x64
		{E0B5C375-6437-4932-98CB-4318BBB2F5EA}.Debug|x64.Build.0 = Debug|x64
		{E0B5C375-6437-4932-98CB-4318BBB2F5EA}.Debug|x86.ActiveCfg = Debug|Win32
		{E0B5C375-6437-4932-98CB-4318BBB2F5EA}.Debug|x86.Build.0 = Debug|Win32
		{E0B5C375-6437-4932-98CB-4318BBB2F5EA}.Release|x64.ActiveCfg = Release|x64
		{E0B5C375-6437-4932-98CB-4318BBB2F5EA}.Release|x64.Build.0 = Release|x64
		{E0B5C375-6437-4932-98CB-4318BBB2F5EA}.Release|x86.ActiveCfg = Release|Win32
		{E0B5C375-6437-4932-98CB-4318BBB2F5EA}.Release|x86.Build.0 = Release|Win32
		{8DDECC7A-7DD6-4830-83B4-26E481438DEC}.Debug|x64.ActiveCfg = Debug|x64
		{8DDECC7A-7DD6-4830-83B4-26E481438DEC}.Debug|x64.Build.0 = Debug|x64
		{8DDECC7A-7DD6-4830-83B4-26E481438DEC}.Debug|x86.ActiveCfg = Debug|Win32
		{8DDECC7A-7DD6-4830-83B4-26E481438DEC}.Debug|x86.Build.0 = Debug|Win32
		{8DDECC7A-7DD6-4830-83B4-26E481438DEC}.Release|x64.ActiveCfg = Release|x64
		{8DDECC7A-7DD6-4830-83B4-26E481438DEC}.Release|x64.Build.0 = Release|x64
		{8DDECC7A-7DD6-4830-83B4-26E481438DEC}.Release|x86.ActiveCfg = Release|Win32
		{8DDECC7A-7DD6-4830-83B4-26E481438DEC}.Release|x86.Build.0 = Release|Win32
		{1049A070-CEBB-4AB7-A0C7-14CFB5892D3B}.Debug|x64.ActiveCfg = Debug|x64
		{1049A070-CEBB-4AB7-A0C7-14CFB5892D3B}.Debug|x64.Build.0 = Debug|x64
		{1049A070-CEBB-4AB7-A0C7-14CFB5892D3B}.Debug|x86.ActiveCfg = Debug|Win32
		{1049A070-CEBB-4AB7-A0C7-14CFB5892D3B}.Debug|x86.Build.0 = Debug|Win32
		{1049A070-CEBB-4AB7-A0C7-14CFB5892D3B}.Release|x64.ActiveCfg = Release|x64
		{1049A070-CEBB-4AB7-A0C7-14CFB5892D3B}.Release|x64.Build.0 = Release|x64
		{1049A070-CEBB-4AB7-A0C7-14CFB5892D3B}.Release|x86.ActiveCfg = Release|Win32
		{1049A070-CEBB-4AB7-A0C7-14CFB5892D3B}.Release|x86.Build.0 = Release|Win32
		{8665D1D2-BEF1-4F51-987A-9CB6A19246E8}.Debug|x64.ActiveCfg = Debug|x64
		{8665D1D2-BEF1-4F51-987A-9CB6A19246E8}.Debug|x64.Build.0 = Debug|x64
		{8665D1D2-BEF1-4F51-987A-9CB6A19246E8}.Debug|x86.ActiveCfg = Debug|Win32
		{8665D1D2-BEF1-4F51-987A-9CB6A19246E8}.Debug|x86.Build.0 = Debug|Win32
		{8665D1D2-BEF1-4F51-987A-9CB6A19246E8}.Release|x64.ActiveCfg = Release|x64
		{8665D1D2-BEF1-4F51-987A-9CB6A19246E8}.Release|x64.Build.0 = Release|x64
		{8665D1D2-BEF1-4F51-987A-9CB6A19246E8}.Release|x86.ActiveCfg = Release|Win32
		{8665D1D2-BEF1-4F51-987A-9CB6A19246E8}.Release|x86.Build.0 = Release|Win32
	EndGlobalSection
	GlobalSection(SolutionProperties) = preSolution
		HideSolutionNode = FALSE
	EndGlobalSection
	GlobalSection(ExtensibilityGlobals) = postSolution
		SolutionGuid = {9A5C97BC-C54E-474A-8DA5-7D890886E058}
	EndGlobalSection
EndGlobal
